
Microsoft Visual Studio Solution File, Format Version 12.00
# Visual Studio Version 16
VisualStudioVersion = 16.0.29411.108
MinimumVisualStudioVersion = 10.0.40219.1
Project("{FAE04EC0-301F-11D3-BF4B-00C04F79EFBC}") = "UnderMine.Modding", "UnderMine.Modding\UnderMine.Modding.csproj", "{7B570748-AF0D-4F99-9F50-CB3B0CDC21B8}"
EndProject
Project("{FAE04EC0-301F-11D3-BF4B-00C04F79EFBC}") = "UnderMine.API", "UnderMine.API\UnderMine.API.csproj", "{486E4C6A-90E6-489C-A89F-E0EB9A5661BD}"
EndProject
Project("{9A19103F-16F7-4668-BE54-9A1E7A4F7556}") = "SpeedMod", "SpeedMod\SpeedMod.csproj", "{B2A2463E-AA61-4E50-A7FC-2BC421D74D4C}"
EndProject
Project("{FAE04EC0-301F-11D3-BF4B-00C04F79EFBC}") = "GUIMod", "GUIMod\GUIMod.csproj", "{343908A9-EF42-4078-B675-3DDB970A52DB}"
EndProject
Global
	GlobalSection(SolutionConfigurationPlatforms) = preSolution
		Debug|Any CPU = Debug|Any CPU
		Release|Any CPU = Release|Any CPU
	EndGlobalSection
	GlobalSection(ProjectConfigurationPlatforms) = postSolution
		{7B570748-AF0D-4F99-9F50-CB3B0CDC21B8}.Debug|Any CPU.ActiveCfg = Debug|Any CPU
		{7B570748-AF0D-4F99-9F50-CB3B0CDC21B8}.Debug|Any CPU.Build.0 = Debug|Any CPU
		{7B570748-AF0D-4F99-9F50-CB3B0CDC21B8}.Release|Any CPU.ActiveCfg = Release|Any CPU
		{7B570748-AF0D-4F99-9F50-CB3B0CDC21B8}.Release|Any CPU.Build.0 = Release|Any CPU
		{486E4C6A-90E6-489C-A89F-E0EB9A5661BD}.Debug|Any CPU.ActiveCfg = Debug|Any CPU
		{486E4C6A-90E6-489C-A89F-E0EB9A5661BD}.Debug|Any CPU.Build.0 = Debug|Any CPU
		{486E4C6A-90E6-489C-A89F-E0EB9A5661BD}.Release|Any CPU.ActiveCfg = Release|Any CPU
		{486E4C6A-90E6-489C-A89F-E0EB9A5661BD}.Release|Any CPU.Build.0 = Release|Any CPU
		{B2A2463E-AA61-4E50-A7FC-2BC421D74D4C}.Debug|Any CPU.ActiveCfg = Debug|Any CPU
		{B2A2463E-AA61-4E50-A7FC-2BC421D74D4C}.Debug|Any CPU.Build.0 = Debug|Any CPU
		{B2A2463E-AA61-4E50-A7FC-2BC421D74D4C}.Release|Any CPU.ActiveCfg = Release|Any CPU
		{B2A2463E-AA61-4E50-A7FC-2BC421D74D4C}.Release|Any CPU.Build.0 = Release|Any CPU
		{343908A9-EF42-4078-B675-3DDB970A52DB}.Debug|Any CPU.ActiveCfg = Debug|Any CPU
		{343908A9-EF42-4078-B675-3DDB970A52DB}.Debug|Any CPU.Build.0 = Debug|Any CPU
		{343908A9-EF42-4078-B675-3DDB970A52DB}.Release|Any CPU.ActiveCfg = Release|Any CPU
		{343908A9-EF42-4078-B675-3DDB970A52DB}.Release|Any CPU.Build.0 = Release|Any CPU
	EndGlobalSection
	GlobalSection(SolutionProperties) = preSolution
		HideSolutionNode = FALSE
	EndGlobalSection
	GlobalSection(ExtensibilityGlobals) = postSolution
		SolutionGuid = {6B7DAFB4-ED3C-4E87-B044-14A622CB1041}
	EndGlobalSection
EndGlobal
